github.com/IGLOU-EU/go-wildcard/v2 v2.1.0 h1:WFqyYAuIYLJ6mHZ4rp/bYXiR4E1IvXW4+zInYWdQBqI=
github.com/IGLOU-EU/go-wildcard/v2 v2.1.0/go.mod h1:/sUMQ5dk2owR0ZcjRI/4AZ+bUFF5DxGCQrDMNBXUf5o=
github.com/unknown-gd/go-pack v0.0.0-20260405220409-1d9c77c96062 h1:MkktzqrsM7bQCSh6dCmd9K/+ZNfOkut/MPE89eIjgPA=
github.com/unknown-gd/go-pack v0.0.0-20260405220409-1d9c77c96062/go.mod h1:CtrcmnLj6gIX47UApDWE2R9i6S0vBQjqDSi3BlyVC+I=
