github.com/IGLOU-EU/go-wildcard/v2 v2.1.0 h1:WFqyYAuIYLJ6mHZ4rp/bYXiR4E1IvXW4+zInYWdQBqI=
github.com/IGLOU-EU/go-wildcard/v2 v2.1.0/go.mod h1:/sUMQ5dk2owR0ZcjRI/4AZ+bUFF5DxGCQrDMNBXUf5o=
github.com/unknown-gd/go-pack v0.0.0-20260404050932-e0247a5028e8 h1:tsiK72cGSfpL2dwiVo98IKJqcrrlVcXePJ+wfjPc5B0=
github.com/unknown-gd/go-pack v0.0.0-20260404050932-e0247a5028e8/go.mod h1:CtrcmnLj6gIX47UApDWE2R9i6S0vBQjqDSi3BlyVC+I=
